
Microsoft Visual Studio Solution File, Format Version 12.00
# Visual Studio Version 17
VisualStudioVersion = 17.11.35222.181
MinimumVisualStudioVersion = 10.0.40219.1
Project("{FAE04EC0-301F-11D3-BF4B-00C04F79EFBC}") = "Factorial", "Factorial.csproj", "{97B80A71-A92F-4BEB-AD31-58EA2A68E4DB}"
EndProject
Global
	GlobalSection(SolutionConfigurationPlatforms) = preSolution
		Debug|Any CPU = Debug|Any CPU
		Release|Any CPU = Release|Any CPU
	EndGlobalSection
	GlobalSection(ProjectConfigurationPlatforms) = postSolution
		{97B80A71-A92F-4BEB-AD31-58EA2A68E4DB}.Debug|Any CPU.ActiveCfg = Debug|Any CPU
		{97B80A71-A92F-4BEB-AD31-58EA2A68E4DB}.Debug|Any CPU.Build.0 = Debug|Any CPU
		{97B80A71-A92F-4BEB-AD31-58EA2A68E4DB}.Release|Any CPU.ActiveCfg = Release|Any CPU
		{97B80A71-A92F-4BEB-AD31-58EA2A68E4DB}.Release|Any CPU.Build.0 = Release|Any CPU
	EndGlobalSection
	GlobalSection(SolutionProperties) = preSolution
		HideSolutionNode = FALSE
	EndGlobalSection
	GlobalSection(ExtensibilityGlobals) = postSolution
		SolutionGuid = {8E0B0D32-F0B8-469B-9D7F-E9654F141E9C}
	EndGlobalSection
EndGlobal
